
Microsoft Visual Studio Solution File, Format Version 12.00
# Visual Studio 2012
Project("{2150E333-8FDC-42A3-9474-1A3956D46DE8}") = "Solution Items", "Solution Items", "{E6EC67DC-CF5A-4A46-B600-658CFBC85C76}"
	ProjectSection(SolutionItems) = preProject
		Introduction.txt = Introduction.txt
		Soloco.Composition.testrunconfig = Soloco.Composition.testrunconfig
	EndProjectSection
	ProjectSection(FolderStartupServices) = postProject
		{B4F97281-0DBD-4835-9ED8-7DFB966E87FF} = {B4F97281-0DBD-4835-9ED8-7DFB966E87FF}
	EndProjectSection
EndProject
Project("{FAE04EC0-301F-11D3-BF4B-00C04F79EFBC}") = "Soloco.Composition", "Soloco.Composition\Soloco.Composition.csproj", "{97A3371E-D087-4278-9AAD-816070F39812}"
EndProject
Project("{FAE04EC0-301F-11D3-BF4B-00C04F79EFBC}") = "Soloco.Composition.UnitTests", "Soloco.Composition.UnitTests\Soloco.Composition.UnitTests.csproj", "{CE453169-3922-4946-AB1C-F68846B31838}"
EndProject
Project("{FAE04EC0-301F-11D3-BF4B-00C04F79EFBC}") = "Soloco.Composition.UnitTests.Dependencies", "Soloco.Composition.UnitTests.Dependencies\Soloco.Composition.UnitTests.Dependencies.csproj", "{354E8F9F-5C47-4602-81E0-AA9BB90B334A}"
EndProject
Project("{FAE04EC0-301F-11D3-BF4B-00C04F79EFBC}") = "Soloco.Composition.Unity", "Soloco.Composition.Unity\Soloco.Composition.Unity.csproj", "{728FFC0C-39E7-41EE-9ED1-E0394B635884}"
EndProject
Project("{FAE04EC0-301F-11D3-BF4B-00C04F79EFBC}") = "Soloco.Composition.Examples.Repositories", "Soloco.Composition.Examples.Repositories\Soloco.Composition.Examples.Repositories.csproj", "{2E623E77-4BA8-4980-AE3E-9541B6BCCD15}"
EndProject
Project("{FAE04EC0-301F-11D3-BF4B-00C04F79EFBC}") = "Soloco.Composition.Examples.Repositories.Tests", "Soloco.Composition.Examples.Repositories.Tests\Soloco.Composition.Examples.Repositories.Tests.csproj", "{0A13D450-FF4D-4FC4-A9C7-E570AB3A08F4}"
EndProject
Project("{FAE04EC0-301F-11D3-BF4B-00C04F79EFBC}") = "Soloco.Composition.Examples.MoneyTransfer", "Soloco.Composition.Examples.MoneyTransfer\Soloco.Composition.Examples.MoneyTransfer.csproj", "{FA114E22-C62E-4B1E-8CA2-BF32E6053D72}"
EndProject
Project("{FAE04EC0-301F-11D3-BF4B-00C04F79EFBC}") = "Soloco.Composition.Examples.MoneyTransfer.Tests", "Soloco.Composition.Examples.MoneyTransfer.Tests\Soloco.Composition.Examples.MoneyTransfer.Tests.csproj", "{0C8A87A0-D4AB-466B-9684-F012460535FF}"
EndProject
Project("{FAE04EC0-301F-11D3-BF4B-00C04F79EFBC}") = "Soloco.Composition.LinFu", "Soloco.Composition.LinFu\Soloco.Composition.LinFu.csproj", "{0749558A-1876-4051-81E7-633BEA46508D}"
EndProject
Project("{FAE04EC0-301F-11D3-BF4B-00C04F79EFBC}") = "Soloco.Composition.LinFu.IntegrationTests", "Soloco.Composition.LinFu.IntegrationTests\Soloco.Composition.LinFu.IntegrationTests.csproj", "{F70BE326-92DD-44B4-8791-994AD678EAFB}"
EndProject
Project("{FAE04EC0-301F-11D3-BF4B-00C04F79EFBC}") = "Soloco.Composition.Unity.IntegrationTests", "Soloco.Composition.Unity.IntegrationTests\Soloco.Composition.Unity.IntegrationTests.csproj", "{636ABADC-FD83-4589-B1D8-49E35BFD7745}"
EndProject
Project("{FAE04EC0-301F-11D3-BF4B-00C04F79EFBC}") = "Soloco.Composition.Container", "Soloco.Composition.Container\Soloco.Composition.Container.csproj", "{BAED539A-BFB5-4F59-99F8-8ECDE13B46C0}"
EndProject
Project("{FAE04EC0-301F-11D3-BF4B-00C04F79EFBC}") = "Soloco.Composition.Container.IntegrationTests", "Soloco.Composition.Container.UnitTests\Soloco.Composition.Container.IntegrationTests.csproj", "{E9DB15F5-5A8C-430F-938F-9C350CB00F09}"
EndProject
Project("{2150E333-8FDC-42A3-9474-1A3956D46DE8}") = "Examples", "Examples", "{96CAA8C2-8DDF-4152-ACCE-16A22AE537F4}"
EndProject
Project("{2150E333-8FDC-42A3-9474-1A3956D46DE8}") = "Containers", "Containers", "{6A2AD87C-D90A-4A95-94AA-740E091FD3DE}"
EndProject
Global
	GlobalSection(SolutionConfigurationPlatforms) = preSolution
		Debug|Any CPU = Debug|Any CPU
		Release|Any CPU = Release|Any CPU
	EndGlobalSection
	GlobalSection(ProjectConfigurationPlatforms) = postSolution
		{97A3371E-D087-4278-9AAD-816070F39812}.Debug|Any CPU.ActiveCfg = Debug|Any CPU
		{97A3371E-D087-4278-9AAD-816070F39812}.Debug|Any CPU.Build.0 = Debug|Any CPU
		{97A3371E-D087-4278-9AAD-816070F39812}.Release|Any CPU.ActiveCfg = Release|Any CPU
		{97A3371E-D087-4278-9AAD-816070F39812}.Release|Any CPU.Build.0 = Release|Any CPU
		{CE453169-3922-4946-AB1C-F68846B31838}.Debug|Any CPU.ActiveCfg = Debug|Any CPU
		{CE453169-3922-4946-AB1C-F68846B31838}.Debug|Any CPU.Build.0 = Debug|Any CPU
		{CE453169-3922-4946-AB1C-F68846B31838}.Release|Any CPU.ActiveCfg = Release|Any CPU
		{CE453169-3922-4946-AB1C-F68846B31838}.Release|Any CPU.Build.0 = Release|Any CPU
		{354E8F9F-5C47-4602-81E0-AA9BB90B334A}.Debug|Any CPU.ActiveCfg = Debug|Any CPU
		{354E8F9F-5C47-4602-81E0-AA9BB90B334A}.Debug|Any CPU.Build.0 = Debug|Any CPU
		{354E8F9F-5C47-4602-81E0-AA9BB90B334A}.Release|Any CPU.ActiveCfg = Release|Any CPU
		{354E8F9F-5C47-4602-81E0-AA9BB90B334A}.Release|Any CPU.Build.0 = Release|Any CPU
		{728FFC0C-39E7-41EE-9ED1-E0394B635884}.Debug|Any CPU.ActiveCfg = Debug|Any CPU
		{728FFC0C-39E7-41EE-9ED1-E0394B635884}.Debug|Any CPU.Build.0 = Debug|Any CPU
		{728FFC0C-39E7-41EE-9ED1-E0394B635884}.Release|Any CPU.ActiveCfg = Release|Any CPU
		{728FFC0C-39E7-41EE-9ED1-E0394B635884}.Release|Any CPU.Build.0 = Release|Any CPU
		{2E623E77-4BA8-4980-AE3E-9541B6BCCD15}.Debug|Any CPU.ActiveCfg = Debug|Any CPU
		{2E623E77-4BA8-4980-AE3E-9541B6BCCD15}.Debug|Any CPU.Build.0 = Debug|Any CPU
		{2E623E77-4BA8-4980-AE3E-9541B6BCCD15}.Release|Any CPU.ActiveCfg = Release|Any CPU
		{2E623E77-4BA8-4980-AE3E-9541B6BCCD15}.Release|Any CPU.Build.0 = Release|Any CPU
		{0A13D450-FF4D-4FC4-A9C7-E570AB3A08F4}.Debug|Any CPU.ActiveCfg = Debug|Any CPU
		{0A13D450-FF4D-4FC4-A9C7-E570AB3A08F4}.Debug|Any CPU.Build.0 = Debug|Any CPU
		{0A13D450-FF4D-4FC4-A9C7-E570AB3A08F4}.Release|Any CPU.ActiveCfg = Release|Any CPU
		{0A13D450-FF4D-4FC4-A9C7-E570AB3A08F4}.Release|Any CPU.Build.0 = Release|Any CPU
		{FA114E22-C62E-4B1E-8CA2-BF32E6053D72}.Debug|Any CPU.ActiveCfg = Debug|Any CPU
		{FA114E22-C62E-4B1E-8CA2-BF32E6053D72}.Debug|Any CPU.Build.0 = Debug|Any CPU
		{FA114E22-C62E-4B1E-8CA2-BF32E6053D72}.Release|Any CPU.ActiveCfg = Release|Any CPU
		{FA114E22-C62E-4B1E-8CA2-BF32E6053D72}.Release|Any CPU.Build.0 = Release|Any CPU
		{0C8A87A0-D4AB-466B-9684-F012460535FF}.Debug|Any CPU.ActiveCfg = Debug|Any CPU
		{0C8A87A0-D4AB-466B-9684-F012460535FF}.Debug|Any CPU.Build.0 = Debug|Any CPU
		{0C8A87A0-D4AB-466B-9684-F012460535FF}.Release|Any CPU.ActiveCfg = Release|Any CPU
		{0C8A87A0-D4AB-466B-9684-F012460535FF}.Release|Any CPU.Build.0 = Release|Any CPU
		{0749558A-1876-4051-81E7-633BEA46508D}.Debug|Any CPU.ActiveCfg = Debug|Any CPU
		{0749558A-1876-4051-81E7-633BEA46508D}.Debug|Any CPU.Build.0 = Debug|Any CPU
		{0749558A-1876-4051-81E7-633BEA46508D}.Release|Any CPU.ActiveCfg = Release|Any CPU
		{0749558A-1876-4051-81E7-633BEA46508D}.Release|Any CPU.Build.0 = Release|Any CPU
		{F70BE326-92DD-44B4-8791-994AD678EAFB}.Debug|Any CPU.ActiveCfg = Debug|Any CPU
		{F70BE326-92DD-44B4-8791-994AD678EAFB}.Debug|Any CPU.Build.0 = Debug|Any CPU
		{F70BE326-92DD-44B4-8791-994AD678EAFB}.Release|Any CPU.ActiveCfg = Release|Any CPU
		{F70BE326-92DD-44B4-8791-994AD678EAFB}.Release|Any CPU.Build.0 = Release|Any CPU
		{636ABADC-FD83-4589-B1D8-49E35BFD7745}.Debug|Any CPU.ActiveCfg = Debug|Any CPU
		{636ABADC-FD83-4589-B1D8-49E35BFD7745}.Debug|Any CPU.Build.0 = Debug|Any CPU
		{636ABADC-FD83-4589-B1D8-49E35BFD7745}.Release|Any CPU.ActiveCfg = Release|Any CPU
		{636ABADC-FD83-4589-B1D8-49E35BFD7745}.Release|Any CPU.Build.0 = Release|Any CPU
		{BAED539A-BFB5-4F59-99F8-8ECDE13B46C0}.Debug|Any CPU.ActiveCfg = Debug|Any CPU
		{BAED539A-BFB5-4F59-99F8-8ECDE13B46C0}.Debug|Any CPU.Build.0 = Debug|Any CPU
		{BAED539A-BFB5-4F59-99F8-8ECDE13B46C0}.Release|Any CPU.ActiveCfg = Release|Any CPU
		{BAED539A-BFB5-4F59-99F8-8ECDE13B46C0}.Release|Any CPU.Build.0 = Release|Any CPU
		{E9DB15F5-5A8C-430F-938F-9C350CB00F09}.Debug|Any CPU.ActiveCfg = Debug|Any CPU
		{E9DB15F5-5A8C-430F-938F-9C350CB00F09}.Debug|Any CPU.Build.0 = Debug|Any CPU
		{E9DB15F5-5A8C-430F-938F-9C350CB00F09}.Release|Any CPU.ActiveCfg = Release|Any CPU
		{E9DB15F5-5A8C-430F-938F-9C350CB00F09}.Release|Any CPU.Build.0 = Release|Any CPU
	EndGlobalSection
	GlobalSection(SolutionProperties) = preSolution
		HideSolutionNode = FALSE
	EndGlobalSection
	GlobalSection(NestedProjects) = preSolution
		{FA114E22-C62E-4B1E-8CA2-BF32E6053D72} = {96CAA8C2-8DDF-4152-ACCE-16A22AE537F4}
		{0C8A87A0-D4AB-466B-9684-F012460535FF} = {96CAA8C2-8DDF-4152-ACCE-16A22AE537F4}
		{2E623E77-4BA8-4980-AE3E-9541B6BCCD15} = {96CAA8C2-8DDF-4152-ACCE-16A22AE537F4}
		{0A13D450-FF4D-4FC4-A9C7-E570AB3A08F4} = {96CAA8C2-8DDF-4152-ACCE-16A22AE537F4}
		{BAED539A-BFB5-4F59-99F8-8ECDE13B46C0} = {6A2AD87C-D90A-4A95-94AA-740E091FD3DE}
		{E9DB15F5-5A8C-430F-938F-9C350CB00F09} = {6A2AD87C-D90A-4A95-94AA-740E091FD3DE}
		{0749558A-1876-4051-81E7-633BEA46508D} = {6A2AD87C-D90A-4A95-94AA-740E091FD3DE}
		{F70BE326-92DD-44B4-8791-994AD678EAFB} = {6A2AD87C-D90A-4A95-94AA-740E091FD3DE}
		{728FFC0C-39E7-41EE-9ED1-E0394B635884} = {6A2AD87C-D90A-4A95-94AA-740E091FD3DE}
		{636ABADC-FD83-4589-B1D8-49E35BFD7745} = {6A2AD87C-D90A-4A95-94AA-740E091FD3DE}
	EndGlobalSection
	GlobalSection(TextTemplating) = postSolution
		TextTemplating = 1
	EndGlobalSection
EndGlobal
